
Microsoft Visual Studio Solution File, Format Version 12.00
# Visual Studio Version 17
VisualStudioVersion = 17.0.31903.59
MinimumVisualStudioVersion = 10.0.40219.1
Project("{2150E333-8FDC-42A3-9474-1A3956D46DE8}") = "src", "src", "{827E0CD3-B72D-47B6-A68D-7590B98EB39B}"
EndProject
Project("{FAE04EC0-301F-11D3-BF4B-00C04F79EFBC}") = "BOA.Common.Contracts", "src\BOA.Common.Contracts\BOA.Common.Contracts.csproj", "{CBE83C84-6954-4096-81B9-38EB673E0FCF}"
EndProject
Project("{FAE04EC0-301F-11D3-BF4B-00C04F79EFBC}") = "BOA.Data", "src\BOA.Data\BOA.Data.csproj", "{E942F0B9-8D01-4E5D-BF7E-94F56C4C9C7D}"
EndProject
Project("{FAE04EC0-301F-11D3-BF4B-00C04F79EFBC}") = "BOA.Services.Card", "src\BOA.Services.Card\BOA.Services.Card.csproj", "{2E3AB34A-9F33-410D-AB01-C301D819DD95}"
EndProject
Project("{FAE04EC0-301F-11D3-BF4B-00C04F79EFBC}") = "BOA.App", "src\BOA.App\BOA.App.csproj", "{369DD5C2-C3D6-4C5F-8124-B003FC1ABA06}"
EndProject
Project("{FAE04EC0-301F-11D3-BF4B-00C04F79EFBC}") = "BOA.Client.Console", "src\BOA.Client.Console\BOA.Client.Console.csproj", "{C72F194B-80D4-4FE9-BC9F-543EBE4C590C}"
EndProject
Project("{FAE04EC0-301F-11D3-BF4B-00C04F79EFBC}") = "BOA.Client.Wpf", "src\BOA.Client.Wpf\BOA.Client.Wpf.csproj", "{80625167-AA61-4388-A30A-6E81524A2630}"
EndProject
Project("{FAE04EC0-301F-11D3-BF4B-00C04F79EFBC}") = "BOA.Tests", "src\BOA.Tests\BOA.Tests.csproj", "{A68B4A6B-56A9-4E80-89B0-1DDB16E74D8B}"
EndProject
Global
	GlobalSection(SolutionConfigurationPlatforms) = preSolution
		Debug|Any CPU = Debug|Any CPU
		Debug|x64 = Debug|x64
		Debug|x86 = Debug|x86
		Release|Any CPU = Release|Any CPU
		Release|x64 = Release|x64
		Release|x86 = Release|x86
	EndGlobalSection
	GlobalSection(ProjectConfigurationPlatforms) = postSolution
		{CBE83C84-6954-4096-81B9-38EB673E0FCF}.Debug|Any CPU.ActiveCfg = Debug|Any CPU
		{CBE83C84-6954-4096-81B9-38EB673E0FCF}.Debug|Any CPU.Build.0 = Debug|Any CPU
		{CBE83C84-6954-4096-81B9-38EB673E0FCF}.Debug|x64.ActiveCfg = Debug|Any CPU
		{CBE83C84-6954-4096-81B9-38EB673E0FCF}.Debug|x64.Build.0 = Debug|Any CPU
		{CBE83C84-6954-4096-81B9-38EB673E0FCF}.Debug|x86.ActiveCfg = Debug|Any CPU
		{CBE83C84-6954-4096-81B9-38EB673E0FCF}.Debug|x86.Build.0 = Debug|Any CPU
		{CBE83C84-6954-4096-81B9-38EB673E0FCF}.Release|Any CPU.ActiveCfg = Release|Any CPU
		{CBE83C84-6954-4096-81B9-38EB673E0FCF}.Release|Any CPU.Build.0 = Release|Any CPU
		{CBE83C84-6954-4096-81B9-38EB673E0FCF}.Release|x64.ActiveCfg = Release|Any CPU
		{CBE83C84-6954-4096-81B9-38EB673E0FCF}.Release|x64.Build.0 = Release|Any CPU
		{CBE83C84-6954-4096-81B9-38EB673E0FCF}.Release|x86.ActiveCfg = Release|Any CPU
		{CBE83C84-6954-4096-81B9-38EB673E0FCF}.Release|x86.Build.0 = Release|Any CPU
		{E942F0B9-8D01-4E5D-BF7E-94F56C4C9C7D}.Debug|Any CPU.ActiveCfg = Debug|Any CPU
		{E942F0B9-8D01-4E5D-BF7E-94F56C4C9C7D}.Debug|Any CPU.Build.0 = Debug|Any CPU
		{E942F0B9-8D01-4E5D-BF7E-94F56C4C9C7D}.Debug|x64.ActiveCfg = Debug|Any CPU
		{E942F0B9-8D01-4E5D-BF7E-94F56C4C9C7D}.Debug|x64.Build.0 = Debug|Any CPU
		{E942F0B9-8D01-4E5D-BF7E-94F56C4C9C7D}.Debug|x86.ActiveCfg = Debug|Any CPU
		{E942F0B9-8D01-4E5D-BF7E-94F56C4C9C7D}.Debug|x86.Build.0 = Debug|Any CPU
		{E942F0B9-8D01-4E5D-BF7E-94F56C4C9C7D}.Release|Any CPU.ActiveCfg = Release|Any CPU
		{E942F0B9-8D01-4E5D-BF7E-94F56C4C9C7D}.Release|Any CPU.Build.0 = Release|Any CPU
		{E942F0B9-8D01-4E5D-BF7E-94F56C4C9C7D}.Release|x64.ActiveCfg = Release|Any CPU
		{E942F0B9-8D01-4E5D-BF7E-94F56C4C9C7D}.Release|x64.Build.0 = Release|Any CPU
		{E942F0B9-8D01-4E5D-BF7E-94F56C4C9C7D}.Release|x86.ActiveCfg = Release|Any CPU
		{E942F0B9-8D01-4E5D-BF7E-94F56C4C9C7D}.Release|x86.Build.0 = Release|Any CPU
		{2E3AB34A-9F33-410D-AB01-C301D819DD95}.Debug|Any CPU.ActiveCfg = Debug|Any CPU
		{2E3AB34A-9F33-410D-AB01-C301D819DD95}.Debug|Any CPU.Build.0 = Debug|Any CPU
		{2E3AB34A-9F33-410D-AB01-C301D819DD95}.Debug|x64.ActiveCfg = Debug|Any CPU
		{2E3AB34A-9F33-410D-AB01-C301D819DD95}.Debug|x64.Build.0 = Debug|Any CPU
		{2E3AB34A-9F33-410D-AB01-C301D819DD95}.Debug|x86.ActiveCfg = Debug|Any CPU
		{2E3AB34A-9F33-410D-AB01-C301D819DD95}.Debug|x86.Build.0 = Debug|Any CPU
		{2E3AB34A-9F33-410D-AB01-C301D819DD95}.Release|Any CPU.ActiveCfg = Release|Any CPU
		{2E3AB34A-9F33-410D-AB01-C301D819DD95}.Release|Any CPU.Build.0 = Release|Any CPU
		{2E3AB34A-9F33-410D-AB01-C301D819DD95}.Release|x64.ActiveCfg = Release|Any CPU
		{2E3AB34A-9F33-410D-AB01-C301D819DD95}.Release|x64.Build.0 = Release|Any CPU
		{2E3AB34A-9F33-410D-AB01-C301D819DD95}.Release|x86.ActiveCfg = Release|Any CPU
		{2E3AB34A-9F33-410D-AB01-C301D819DD95}.Release|x86.Build.0 = Release|Any CPU
		{369DD5C2-C3D6-4C5F-8124-B003FC1ABA06}.Debug|Any CPU.ActiveCfg = Debug|Any CPU
		{369DD5C2-C3D6-4C5F-8124-B003FC1ABA06}.Debug|Any CPU.Build.0 = Debug|Any CPU
		{369DD5C2-C3D6-4C5F-8124-B003FC1ABA06}.Debug|x64.ActiveCfg = Debug|Any CPU
		{369DD5C2-C3D6-4C5F-8124-B003FC1ABA06}.Debug|x64.Build.0 = Debug|Any CPU
		{369DD5C2-C3D6-4C5F-8124-B003FC1ABA06}.Debug|x86.ActiveCfg = Debug|Any CPU
		{369DD5C2-C3D6-4C5F-8124-B003FC1ABA06}.Debug|x86.Build.0 = Debug|Any CPU
		{369DD5C2-C3D6-4C5F-8124-B003FC1ABA06}.Release|Any CPU.ActiveCfg = Release|Any CPU
		{369DD5C2-C3D6-4C5F-8124-B003FC1ABA06}.Release|Any CPU.Build.0 = Release|Any CPU
		{369DD5C2-C3D6-4C5F-8124-B003FC1ABA06}.Release|x64.ActiveCfg = Release|Any CPU
		{369DD5C2-C3D6-4C5F-8124-B003FC1ABA06}.Release|x64.Build.0 = Release|Any CPU
		{369DD5C2-C3D6-4C5F-8124-B003FC1ABA06}.Release|x86.ActiveCfg = Release|Any CPU
		{369DD5C2-C3D6-4C5F-8124-B003FC1ABA06}.Release|x86.Build.0 = Release|Any CPU
		{C72F194B-80D4-4FE9-BC9F-543EBE4C590C}.Debug|Any CPU.ActiveCfg = Debug|Any CPU
		{C72F194B-80D4-4FE9-BC9F-543EBE4C590C}.Debug|Any CPU.Build.0 = Debug|Any CPU
		{C72F194B-80D4-4FE9-BC9F-543EBE4C590C}.Debug|x64.ActiveCfg = Debug|Any CPU
		{C72F194B-80D4-4FE9-BC9F-543EBE4C590C}.Debug|x64.Build.0 = Debug|Any CPU
		{C72F194B-80D4-4FE9-BC9F-543EBE4C590C}.Debug|x86.ActiveCfg = Debug|Any CPU
		{C72F194B-80D4-4FE9-BC9F-543EBE4C590C}.Debug|x86.Build.0 = Debug|Any CPU
		{C72F194B-80D4-4FE9-BC9F-543EBE4C590C}.Release|Any CPU.ActiveCfg = Release|Any CPU
		{C72F194B-80D4-4FE9-BC9F-543EBE4C590C}.Release|Any CPU.Build.0 = Release|Any CPU
		{C72F194B-80D4-4FE9-BC9F-543EBE4C590C}.Release|x64.ActiveCfg = Release|Any CPU
		{C72F194B-80D4-4FE9-BC9F-543EBE4C590C}.Release|x64.Build.0 = Release|Any CPU
		{C72F194B-80D4-4FE9-BC9F-543EBE4C590C}.Release|x86.ActiveCfg = Release|Any CPU
		{C72F194B-80D4-4FE9-BC9F-543EBE4C590C}.Release|x86.Build.0 = Release|Any CPU
		{80625167-AA61-4388-A30A-6E81524A2630}.Debug|Any CPU.ActiveCfg = Debug|Any CPU
		{80625167-AA61-4388-A30A-6E81524A2630}.Debug|Any CPU.Build.0 = Debug|Any CPU
		{80625167-AA61-4388-A30A-6E81524A2630}.Debug|x64.ActiveCfg = Debug|Any CPU
		{80625167-AA61-4388-A30A-6E81524A2630}.Debug|x64.Build.0 = Debug|Any CPU
		{80625167-AA61-4388-A30A-6E81524A2630}.Debug|x86.ActiveCfg = Debug|Any CPU
		{80625167-AA61-4388-A30A-6E81524A2630}.Debug|x86.Build.0 = Debug|Any CPU
		{80625167-AA61-4388-A30A-6E81524A2630}.Release|Any CPU.ActiveCfg = Release|Any CPU
		{80625167-AA61-4388-A30A-6E81524A2630}.Release|Any CPU.Build.0 = Release|Any CPU
		{80625167-AA61-4388-A30A-6E81524A2630}.Release|x64.ActiveCfg = Release|Any CPU
		{80625167-AA61-4388-A30A-6E81524A2630}.Release|x64.Build.0 = Release|Any CPU
		{80625167-AA61-4388-A30A-6E81524A2630}.Release|x86.ActiveCfg = Release|Any CPU
		{80625167-AA61-4388-A30A-6E81524A2630}.Release|x86.Build.0 = Release|Any CPU
		{A68B4A6B-56A9-4E80-89B0-1DDB16E74D8B}.Debug|Any CPU.ActiveCfg = Debug|Any CPU
		{A68B4A6B-56A9-4E80-89B0-1DDB16E74D8B}.Debug|Any CPU.Build.0 = Debug|Any CPU
		{A68B4A6B-56A9-4E80-89B0-1DDB16E74D8B}.Debug|x64.ActiveCfg = Debug|Any CPU
		{A68B4A6B-56A9-4E80-89B0-1DDB16E74D8B}.Debug|x64.Build.0 = Debug|Any CPU
		{A68B4A6B-56A9-4E80-89B0-1DDB16E74D8B}.Debug|x86.ActiveCfg = Debug|Any CPU
		{A68B4A6B-56A9-4E80-89B0-1DDB16E74D8B}.Debug|x86.Build.0 = Debug|Any CPU
		{A68B4A6B-56A9-4E80-89B0-1DDB16E74D8B}.Release|Any CPU.ActiveCfg = Release|Any CPU
		{A68B4A6B-56A9-4E80-89B0-1DDB16E74D8B}.Release|Any CPU.Build.0 = Release|Any CPU
		{A68B4A6B-56A9-4E80-89B0-1DDB16E74D8B}.Release|x64.ActiveCfg = Release|Any CPU
		{A68B4A6B-56A9-4E80-89B0-1DDB16E74D8B}.Release|x64.Build.0 = Release|Any CPU
		{A68B4A6B-56A9-4E80-89B0-1DDB16E74D8B}.Release|x86.ActiveCfg = Release|Any CPU
		{A68B4A6B-56A9-4E80-89B0-1DDB16E74D8B}.Release|x86.Build.0 = Release|Any CPU
	EndGlobalSection
	GlobalSection(SolutionProperties) = preSolution
		HideSolutionNode = FALSE
	EndGlobalSection
	GlobalSection(NestedProjects) = preSolution
		{CBE83C84-6954-4096-81B9-38EB673E0FCF} = {827E0CD3-B72D-47B6-A68D-7590B98EB39B}
		{E942F0B9-8D01-4E5D-BF7E-94F56C4C9C7D} = {827E0CD3-B72D-47B6-A68D-7590B98EB39B}
		{2E3AB34A-9F33-410D-AB01-C301D819DD95} = {827E0CD3-B72D-47B6-A68D-7590B98EB39B}
		{369DD5C2-C3D6-4C5F-8124-B003FC1ABA06} = {827E0CD3-B72D-47B6-A68D-7590B98EB39B}
		{C72F194B-80D4-4FE9-BC9F-543EBE4C590C} = {827E0CD3-B72D-47B6-A68D-7590B98EB39B}
		{80625167-AA61-4388-A30A-6E81524A2630} = {827E0CD3-B72D-47B6-A68D-7590B98EB39B}
		{A68B4A6B-56A9-4E80-89B0-1DDB16E74D8B} = {827E0CD3-B72D-47B6-A68D-7590B98EB39B}
	EndGlobalSection
EndGlobal
